
Microsoft Visual Studio Solution File, Format Version 12.00
# Visual Studio Version 16
VisualStudioVersion = 16.0.30503.244
MinimumVisualStudioVersion = 10.0.40219.1
Project("{FAE04EC0-301F-11D3-BF4B-00C04F79EFBC}") = "DatsTestSystem", "DatsTestSystem.csproj", "{397366D4-A1A6-4E8D-8CB2-9355B59F76ED}"
EndProject
Global
	GlobalSection(SolutionConfigurationPlatforms) = preSolution
		Debug|Any CPU = Debug|Any CPU
		Release|Any CPU = Release|Any CPU
	EndGlobalSection
	GlobalSection(ProjectConfigurationPlatforms) = postSolution
		{397366D4-A1A6-4E8D-8CB2-9355B59F76ED}.Debug|Any CPU.ActiveCfg = Debug|Any CPU
		{397366D4-A1A6-4E8D-8CB2-9355B59F76ED}.Debug|Any CPU.Build.0 = Debug|Any CPU
		{397366D4-A1A6-4E8D-8CB2-9355B59F76ED}.Release|Any CPU.ActiveCfg = Release|Any CPU
		{397366D4-A1A6-4E8D-8CB2-9355B59F76ED}.Release|Any CPU.Build.0 = Release|Any CPU
	EndGlobalSection
	GlobalSection(SolutionProperties) = preSolution
		HideSolutionNode = FALSE
	EndGlobalSection
	GlobalSection(ExtensibilityGlobals) = postSolution
		SolutionGuid = {ED5D3421-9DDC-4477-A9BE-3009A10EA2B9}
	EndGlobalSection
EndGlobal
